PODS:
  - JGProgressHUD (2.1)
  - UL-BackendService (1.0.0)

DEPENDENCIES:
  - JGProgressHUD
  - UL-BackendService (from `../UL-BackendService`)

SPEC REPOS:
  trunk:
    - JGProgressHUD

EXTERNAL SOURCES:
  UL-BackendService:
    :path: "../UL-BackendService"

SPEC CHECKSUMS:
  JGProgressHUD: aa403e9a5b45cae98903c4600cccdd98c0c3ec90
  UL-BackendService: 3598bac1441dbaaede5c9c15049825d6542805b8

PODFILE CHECKSUM: 15546b6e69495c80a02476fb4b61774ac9b269e9

COCOAPODS: 1.8.4
