PODS:
  - JGProgressHUD (2.1)
  - UL-BackendService (1.0.0)

DEPENDENCIES:
  - JGProgressHUD
  - UL-BackendService (from `https://github.com/kerembalaban/UL-BackendService.git`, tag `1.0.0`)

SPEC REPOS:
  trunk:
    - JGProgressHUD

EXTERNAL SOURCES:
  UL-BackendService:
    :git: https://github.com/kerembalaban/UL-BackendService.git
    :tag: 1.0.0

CHECKOUT OPTIONS:
  UL-BackendService:
    :git: https://github.com/kerembalaban/UL-BackendService.git
    :tag: 1.0.0

SPEC CHECKSUMS:
  JGProgressHUD: aa403e9a5b45cae98903c4600cccdd98c0c3ec90
  UL-BackendService: abd3ff018b1b946b560d86dfcc2329c02ecefba4

PODFILE CHECKSUM: ef4f58b8be966c1aa65f7bcf7a03ce216f6e785f

COCOAPODS: 1.8.4
